
Microsoft Visual Studio Solution File, Format Version 12.00
# Visual Studio Version 17
VisualStudioVersion = 17.8.34408.163
MinimumVisualStudioVersion = 10.0.40219.1
Project("{9A19103F-16F7-4668-BE54-9A1E7A4F7556}") = "EnterprisePortalWebAPI", "EnterprisePortalWebAPI\EnterprisePortalWebAPI.csproj", "{1DAFFB35-3115-48CF-937D-37B2BD017A7B}"
EndProject
Project("{9A19103F-16F7-4668-BE54-9A1E7A4F7556}") = "EnterprisePortalWebAPI.Core", "EnterprisePortalWebAPI.Core\EnterprisePortalWebAPI.Core.csproj", "{EDD1DB34-419B-4A84-83B5-D317CD3507B1}"
EndProject
Project("{9A19103F-16F7-4668-BE54-9A1E7A4F7556}") = "EnterprisePortalWebAPI.Service", "EnterprisePortalWebAPI.Service\EnterprisePortalWebAPI.Service.csproj", "{A359486C-BE61-4D7A-9C77-CCB111AFF117}"
EndProject
Project("{9A19103F-16F7-4668-BE54-9A1E7A4F7556}") = "EnterprisePortalWebAPI.Utility", "EnterprisePortalWebAPI.Utility\EnterprisePortalWebAPI.Utility.csproj", "{06835980-A3D7-430B-B694-EDF0658C73A4}"
EndProject
Project("{2150E333-8FDC-42A3-9474-1A3956D46DE8}") = "Solution Items", "Solution Items", "{D71A9504-4DA1-4462-A6AB-186756C9D1F1}"
	ProjectSection(SolutionItems) = preProject
		.editorconfig = .editorconfig
	EndProjectSection
EndProject
Global
	GlobalSection(SolutionConfigurationPlatforms) = preSolution
		Debug|Any CPU = Debug|Any CPU
		Release|Any CPU = Release|Any CPU
	EndGlobalSection
	GlobalSection(ProjectConfigurationPlatforms) = postSolution
		{1DAFFB35-3115-48CF-937D-37B2BD017A7B}.Debug|Any CPU.ActiveCfg = Debug|Any CPU
		{1DAFFB35-3115-48CF-937D-37B2BD017A7B}.Debug|Any CPU.Build.0 = Debug|Any CPU
		{1DAFFB35-3115-48CF-937D-37B2BD017A7B}.Release|Any CPU.ActiveCfg = Release|Any CPU
		{1DAFFB35-3115-48CF-937D-37B2BD017A7B}.Release|Any CPU.Build.0 = Release|Any CPU
		{EDD1DB34-419B-4A84-83B5-D317CD3507B1}.Debug|Any CPU.ActiveCfg = Debug|Any CPU
		{EDD1DB34-419B-4A84-83B5-D317CD3507B1}.Debug|Any CPU.Build.0 = Debug|Any CPU
		{EDD1DB34-419B-4A84-83B5-D317CD3507B1}.Release|Any CPU.ActiveCfg = Release|Any CPU
		{EDD1DB34-419B-4A84-83B5-D317CD3507B1}.Release|Any CPU.Build.0 = Release|Any CPU
		{A359486C-BE61-4D7A-9C77-CCB111AFF117}.Debug|Any CPU.ActiveCfg = Debug|Any CPU
		{A359486C-BE61-4D7A-9C77-CCB111AFF117}.Debug|Any CPU.Build.0 = Debug|Any CPU
		{A359486C-BE61-4D7A-9C77-CCB111AFF117}.Release|Any CPU.ActiveCfg = Release|Any CPU
		{A359486C-BE61-4D7A-9C77-CCB111AFF117}.Release|Any CPU.Build.0 = Release|Any CPU
		{06835980-A3D7-430B-B694-EDF0658C73A4}.Debug|Any CPU.ActiveCfg = Debug|Any CPU
		{06835980-A3D7-430B-B694-EDF0658C73A4}.Debug|Any CPU.Build.0 = Debug|Any CPU
		{06835980-A3D7-430B-B694-EDF0658C73A4}.Release|Any CPU.ActiveCfg = Release|Any CPU
		{06835980-A3D7-430B-B694-EDF0658C73A4}.Release|Any CPU.Build.0 = Release|Any CPU
	EndGlobalSection
	GlobalSection(SolutionProperties) = preSolution
		HideSolutionNode = FALSE
	EndGlobalSection
	GlobalSection(ExtensibilityGlobals) = postSolution
		SolutionGuid = {599B45B1-CBCD-43F2-9554-7B5BF9CACB3F}
	EndGlobalSection
EndGlobal
